
Microsoft Visual Studio Solution File, Format Version 12.00
# Visual Studio Version 17
VisualStudioVersion = 17.5.33530.505
MinimumVisualStudioVersion = 10.0.40219.1
Project("{8BC9CEB8-8B4A-11D0-8D11-00A0C91BC942}") = "TcpInspector", "TcpInspector.vcxproj", "{97642CA4-D1BA-4C2E-B1E7-31C68512EE0C}"
EndProject
Global
	GlobalSection(SolutionConfigurationPlatforms) = preSolution
		Debug|ARM64 = Debug|ARM64
		Debug|x64 = Debug|x64
		Debug|x86 = Debug|x86
		Release|ARM64 = Release|ARM64
		Release|x64 = Release|x64
		Release|x86 = Release|x86
	EndGlobalSection
	GlobalSection(ProjectConfigurationPlatforms) = postSolution
		{97642CA4-D1BA-4C2E-B1E7-31C68512EE0C}.Debug|ARM64.ActiveCfg = Debug|ARM64
		{97642CA4-D1BA-4C2E-B1E7-31C68512EE0C}.Debug|ARM64.Build.0 = Debug|ARM64
		{97642CA4-D1BA-4C2E-B1E7-31C68512EE0C}.Debug|x64.ActiveCfg = Debug|x64
		{97642CA4-D1BA-4C2E-B1E7-31C68512EE0C}.Debug|x64.Build.0 = Debug|x64
		{97642CA4-D1BA-4C2E-B1E7-31C68512EE0C}.Debug|x86.ActiveCfg = Debug|Win32
		{97642CA4-D1BA-4C2E-B1E7-31C68512EE0C}.Debug|x86.Build.0 = Debug|Win32
		{97642CA4-D1BA-4C2E-B1E7-31C68512EE0C}.Release|ARM64.ActiveCfg = Release|ARM64
		{97642CA4-D1BA-4C2E-B1E7-31C68512EE0C}.Release|ARM64.Build.0 = Release|ARM64
		{97642CA4-D1BA-4C2E-B1E7-31C68512EE0C}.Release|x64.ActiveCfg = Release|x64
		{97642CA4-D1BA-4C2E-B1E7-31C68512EE0C}.Release|x64.Build.0 = Release|x64
		{97642CA4-D1BA-4C2E-B1E7-31C68512EE0C}.Release|x86.ActiveCfg = Release|Win32
		{97642CA4-D1BA-4C2E-B1E7-31C68512EE0C}.Release|x86.Build.0 = Release|Win32
	EndGlobalSection
	GlobalSection(SolutionProperties) = preSolution
		HideSolutionNode = FALSE
	EndGlobalSection
	GlobalSection(ExtensibilityGlobals) = postSolution
		SolutionGuid = {9499AE4C-0847-4C1B-BF2B-6A48C0724E19}
	EndGlobalSection
EndGlobal
